
Microsoft Visual Studio Solution File, Format Version 12.00
# Visual Studio 15
VisualStudioVersion = 15.0.27130.2036
MinimumVisualStudioVersion = 10.0.40219.1
Project("{FAE04EC0-301F-11D3-BF4B-00C04F79EFBC}") = "MouseWatch", "MouseWatch\MouseWatch.csproj", "{81E7523E-8DF0-47BC-8679-E40FE6C71A60}"
EndProject
Global
	GlobalSection(SolutionConfigurationPlatforms) = preSolution
		Debug|Any CPU = Debug|Any CPU
		Release|Any CPU = Release|Any CPU
	EndGlobalSection
	GlobalSection(ProjectConfigurationPlatforms) = postSolution
		{81E7523E-8DF0-47BC-8679-E40FE6C71A60}.Debug|Any CPU.ActiveCfg = Debug|Any CPU
		{81E7523E-8DF0-47BC-8679-E40FE6C71A60}.Debug|Any CPU.Build.0 = Debug|Any CPU
		{81E7523E-8DF0-47BC-8679-E40FE6C71A60}.Release|Any CPU.ActiveCfg = Release|Any CPU
		{81E7523E-8DF0-47BC-8679-E40FE6C71A60}.Release|Any CPU.Build.0 = Release|Any CPU
	EndGlobalSection
	GlobalSection(SolutionProperties) = preSolution
		HideSolutionNode = FALSE
	EndGlobalSection
	GlobalSection(ExtensibilityGlobals) = postSolution
		SolutionGuid = {090891A3-BE96-430B-B0C5-88F22E9268E8}
	EndGlobalSection
EndGlobal
